
Microsoft Visual Studio Solution File, Format Version 12.00
# Visual Studio Version 17
VisualStudioVersion = 17.2.32516.85
MinimumVisualStudioVersion = 10.0.40219.1
Project("{9A19103F-16F7-4668-BE54-9A1E7A4F7556}") = "APIGateway", "APIGateway\APIGateway.csproj", "{015E94F2-0353-4950-AED5-4828BDA88003}"
EndProject
Project("{2150E333-8FDC-42A3-9474-1A3956D46DE8}") = "Services", "Services", "{1823492F-7EC5-4B66-8537-C48FD6E4E32B}"
EndProject
Project("{9A19103F-16F7-4668-BE54-9A1E7A4F7556}") = "Contact.API", "Services\ContactAPI\Contact.API\Contact.API.csproj", "{8153A94B-727A-45D5-9CA2-1E65943C3888}"
EndProject
Project("{9A19103F-16F7-4668-BE54-9A1E7A4F7556}") = "Reservation.API", "Services\ResAPI\Reservation.API\Reservation.API.csproj", "{858B92B9-BF03-4648-A2A0-42FBB6BA4BDA}"
EndProject
Project("{2150E333-8FDC-42A3-9474-1A3956D46DE8}") = "ContactAPI", "ContactAPI", "{B78857A2-1D82-4BC3-825C-ED693196EC65}"
EndProject
Project("{2150E333-8FDC-42A3-9474-1A3956D46DE8}") = "ReservationAPI", "ReservationAPI", "{FE8A68D1-96E7-4024-9035-991FFEC913D2}"
EndProject
Project("{9A19103F-16F7-4668-BE54-9A1E7A4F7556}") = "Contact.API.Infrastructure", "Services\ContactAPI\Contact.API.Infrastructure\Contact.API.Infrastructure.csproj", "{CAE9F9DA-5CAA-4D9C-8286-434477FF1BAE}"
EndProject
Project("{9A19103F-16F7-4668-BE54-9A1E7A4F7556}") = "Contact.API.Models", "Services\ContactAPI\Contact.API.Models\Contact.API.Models.csproj", "{35E294DA-D753-4DB9-B991-2E8B6ACAECAA}"
EndProject
Project("{9A19103F-16F7-4668-BE54-9A1E7A4F7556}") = "Contact.API.Services", "Services\ContactAPI\Contact.API.Services\Contact.API.Services.csproj", "{10219AB1-B7FD-413F-AE49-5F05FC5F3C30}"
EndProject
Project("{9A19103F-16F7-4668-BE54-9A1E7A4F7556}") = "Reservation.API.Models", "Services\ResAPI\Reservation.API.Models\Reservation.API.Models.csproj", "{C834D27E-22D7-4E0E-92AD-07C611CCEB15}"
EndProject
Project("{FAE04EC0-301F-11D3-BF4B-00C04F79EFBC}") = "Reservation.API.Infrastructure", "Services\ResAPI\Reservation.API.Infrastructure\Reservation.API.Infrastructure.csproj", "{7440D4ED-7A87-45E7-B049-473A5F2DA18A}"
EndProject
Project("{FAE04EC0-301F-11D3-BF4B-00C04F79EFBC}") = "Reservation.API.Services", "Services\ResAPI\Reservation.API.Services\Reservation.API.Services.csproj", "{57BFFCD6-B3EB-4786-9D6F-7199B7E68B03}"
EndProject
Global
	GlobalSection(SolutionConfigurationPlatforms) = preSolution
		Debug|Any CPU = Debug|Any CPU
		Release|Any CPU = Release|Any CPU
	EndGlobalSection
	GlobalSection(ProjectConfigurationPlatforms) = postSolution
		{015E94F2-0353-4950-AED5-4828BDA88003}.Debug|Any CPU.ActiveCfg = Debug|Any CPU
		{015E94F2-0353-4950-AED5-4828BDA88003}.Debug|Any CPU.Build.0 = Debug|Any CPU
		{015E94F2-0353-4950-AED5-4828BDA88003}.Release|Any CPU.ActiveCfg = Release|Any CPU
		{015E94F2-0353-4950-AED5-4828BDA88003}.Release|Any CPU.Build.0 = Release|Any CPU
		{8153A94B-727A-45D5-9CA2-1E65943C3888}.Debug|Any CPU.ActiveCfg = Debug|Any CPU
		{8153A94B-727A-45D5-9CA2-1E65943C3888}.Debug|Any CPU.Build.0 = Debug|Any CPU
		{8153A94B-727A-45D5-9CA2-1E65943C3888}.Release|Any CPU.ActiveCfg = Release|Any CPU
		{8153A94B-727A-45D5-9CA2-1E65943C3888}.Release|Any CPU.Build.0 = Release|Any CPU
		{858B92B9-BF03-4648-A2A0-42FBB6BA4BDA}.Debug|Any CPU.ActiveCfg = Debug|Any CPU
		{858B92B9-BF03-4648-A2A0-42FBB6BA4BDA}.Debug|Any CPU.Build.0 = Debug|Any CPU
		{858B92B9-BF03-4648-A2A0-42FBB6BA4BDA}.Release|Any CPU.ActiveCfg = Release|Any CPU
		{858B92B9-BF03-4648-A2A0-42FBB6BA4BDA}.Release|Any CPU.Build.0 = Release|Any CPU
		{CAE9F9DA-5CAA-4D9C-8286-434477FF1BAE}.Debug|Any CPU.ActiveCfg = Debug|Any CPU
		{CAE9F9DA-5CAA-4D9C-8286-434477FF1BAE}.Debug|Any CPU.Build.0 = Debug|Any CPU
		{CAE9F9DA-5CAA-4D9C-8286-434477FF1BAE}.Release|Any CPU.ActiveCfg = Release|Any CPU
		{CAE9F9DA-5CAA-4D9C-8286-434477FF1BAE}.Release|Any CPU.Build.0 = Release|Any CPU
		{35E294DA-D753-4DB9-B991-2E8B6ACAECAA}.Debug|Any CPU.ActiveCfg = Debug|Any CPU
		{35E294DA-D753-4DB9-B991-2E8B6ACAECAA}.Debug|Any CPU.Build.0 = Debug|Any CPU
		{35E294DA-D753-4DB9-B991-2E8B6ACAECAA}.Release|Any CPU.ActiveCfg = Release|Any CPU
		{35E294DA-D753-4DB9-B991-2E8B6ACAECAA}.Release|Any CPU.Build.0 = Release|Any CPU
		{10219AB1-B7FD-413F-AE49-5F05FC5F3C30}.Debug|Any CPU.ActiveCfg = Debug|Any CPU
		{10219AB1-B7FD-413F-AE49-5F05FC5F3C30}.Debug|Any CPU.Build.0 = Debug|Any CPU
		{10219AB1-B7FD-413F-AE49-5F05FC5F3C30}.Release|Any CPU.ActiveCfg = Release|Any CPU
		{10219AB1-B7FD-413F-AE49-5F05FC5F3C30}.Release|Any CPU.Build.0 = Release|Any CPU
		{C834D27E-22D7-4E0E-92AD-07C611CCEB15}.Debug|Any CPU.ActiveCfg = Debug|Any CPU
		{C834D27E-22D7-4E0E-92AD-07C611CCEB15}.Debug|Any CPU.Build.0 = Debug|Any CPU
		{C834D27E-22D7-4E0E-92AD-07C611CCEB15}.Release|Any CPU.ActiveCfg = Release|Any CPU
		{C834D27E-22D7-4E0E-92AD-07C611CCEB15}.Release|Any CPU.Build.0 = Release|Any CPU
		{7440D4ED-7A87-45E7-B049-473A5F2DA18A}.Debug|Any CPU.ActiveCfg = Debug|Any CPU
		{7440D4ED-7A87-45E7-B049-473A5F2DA18A}.Debug|Any CPU.Build.0 = Debug|Any CPU
		{7440D4ED-7A87-45E7-B049-473A5F2DA18A}.Release|Any CPU.ActiveCfg = Release|Any CPU
		{7440D4ED-7A87-45E7-B049-473A5F2DA18A}.Release|Any CPU.Build.0 = Release|Any CPU
		{57BFFCD6-B3EB-4786-9D6F-7199B7E68B03}.Debug|Any CPU.ActiveCfg = Debug|Any CPU
		{57BFFCD6-B3EB-4786-9D6F-7199B7E68B03}.Debug|Any CPU.Build.0 = Debug|Any CPU
		{57BFFCD6-B3EB-4786-9D6F-7199B7E68B03}.Release|Any CPU.ActiveCfg = Release|Any CPU
		{57BFFCD6-B3EB-4786-9D6F-7199B7E68B03}.Release|Any CPU.Build.0 = Release|Any CPU
	EndGlobalSection
	GlobalSection(SolutionProperties) = preSolution
		HideSolutionNode = FALSE
	EndGlobalSection
	GlobalSection(NestedProjects) = preSolution
		{8153A94B-727A-45D5-9CA2-1E65943C3888} = {B78857A2-1D82-4BC3-825C-ED693196EC65}
		{858B92B9-BF03-4648-A2A0-42FBB6BA4BDA} = {FE8A68D1-96E7-4024-9035-991FFEC913D2}
		{B78857A2-1D82-4BC3-825C-ED693196EC65} = {1823492F-7EC5-4B66-8537-C48FD6E4E32B}
		{FE8A68D1-96E7-4024-9035-991FFEC913D2} = {1823492F-7EC5-4B66-8537-C48FD6E4E32B}
		{CAE9F9DA-5CAA-4D9C-8286-434477FF1BAE} = {B78857A2-1D82-4BC3-825C-ED693196EC65}
		{35E294DA-D753-4DB9-B991-2E8B6ACAECAA} = {B78857A2-1D82-4BC3-825C-ED693196EC65}
		{10219AB1-B7FD-413F-AE49-5F05FC5F3C30} = {B78857A2-1D82-4BC3-825C-ED693196EC65}
		{C834D27E-22D7-4E0E-92AD-07C611CCEB15} = {FE8A68D1-96E7-4024-9035-991FFEC913D2}
		{7440D4ED-7A87-45E7-B049-473A5F2DA18A} = {FE8A68D1-96E7-4024-9035-991FFEC913D2}
		{57BFFCD6-B3EB-4786-9D6F-7199B7E68B03} = {FE8A68D1-96E7-4024-9035-991FFEC913D2}
	EndGlobalSection
	GlobalSection(ExtensibilityGlobals) = postSolution
		SolutionGuid = {1F309FD8-1D52-4F71-A707-D8EBB42DB6EE}
	EndGlobalSection
EndGlobal
